
Microsoft Visual Studio Solution File, Format Version 12.00
# Visual Studio Version 17
VisualStudioVersion = 17.4.33205.214
MinimumVisualStudioVersion = 10.0.40219.1
Project("{FAE04EC0-301F-11D3-BF4B-00C04F79EFBC}") = "MoodAnalyzerProgram", "MoodAnalyzerProgram\MoodAnalyzerProgram.csproj", "{1FC84FBF-45A0-435F-A5C1-F9180DCEDDED}"
EndProject
Project("{FAE04EC0-301F-11D3-BF4B-00C04F79EFBC}") = "MoodAnalyzerTest", "MoodAnalyzerTest\MoodAnalyzerTest.csproj", "{1FC2E3C2-B136-4238-B091-AF112DDA901E}"
EndProject
Global
	GlobalSection(SolutionConfigurationPlatforms) = preSolution
		Debug|Any CPU = Debug|Any CPU
		Release|Any CPU = Release|Any CPU
	EndGlobalSection
	GlobalSection(ProjectConfigurationPlatforms) = postSolution
		{1FC84FBF-45A0-435F-A5C1-F9180DCEDDED}.Debug|Any CPU.ActiveCfg = Debug|Any CPU
		{1FC84FBF-45A0-435F-A5C1-F9180DCEDDED}.Debug|Any CPU.Build.0 = Debug|Any CPU
		{1FC84FBF-45A0-435F-A5C1-F9180DCEDDED}.Release|Any CPU.ActiveCfg = Release|Any CPU
		{1FC84FBF-45A0-435F-A5C1-F9180DCEDDED}.Release|Any CPU.Build.0 = Release|Any CPU
		{1FC2E3C2-B136-4238-B091-AF112DDA901E}.Debug|Any CPU.ActiveCfg = Debug|Any CPU
		{1FC2E3C2-B136-4238-B091-AF112DDA901E}.Debug|Any CPU.Build.0 = Debug|Any CPU
		{1FC2E3C2-B136-4238-B091-AF112DDA901E}.Release|Any CPU.ActiveCfg = Release|Any CPU
		{1FC2E3C2-B136-4238-B091-AF112DDA901E}.Release|Any CPU.Build.0 = Release|Any CPU
	EndGlobalSection
	GlobalSection(SolutionProperties) = preSolution
		HideSolutionNode = FALSE
	EndGlobalSection
	GlobalSection(ExtensibilityGlobals) = postSolution
		SolutionGuid = {B137AFDC-2B7E-43DC-B859-08297374AF40}
	EndGlobalSection
EndGlobal
