
Microsoft Visual Studio Solution File, Format Version 12.00
# Visual Studio Version 17
VisualStudioVersion = 17.4.33205.214
MinimumVisualStudioVersion = 10.0.40219.1
Project("{9A19103F-16F7-4668-BE54-9A1E7A4F7556}") = "MoodAnalyserProgram", "MoodAnalyzerProgram\MoodAnalyserProgram.csproj", "{1FC84FBF-45A0-435F-A5C1-F9180DCEDDED}"
EndProject
Project("{2150E333-8FDC-42A3-9474-1A3956D46DE8}") = "Solution Items", "Solution Items", "{6DF0D0EC-360B-4F79-A2F5-78333FA484A0}"
	ProjectSection(SolutionItems) = preProject
		.editorconfig = .editorconfig
	EndProjectSection
EndProject
Project("{9A19103F-16F7-4668-BE54-9A1E7A4F7556}") = "MoodAnalyzer", "MoodAnalyzer\MoodAnalyzer.csproj", "{6AB1181A-3606-4134-9752-1C5AFE9C2824}"
EndProject
Global
	GlobalSection(SolutionConfigurationPlatforms) = preSolution
		Debug|Any CPU = Debug|Any CPU
		Release|Any CPU = Release|Any CPU
	EndGlobalSection
	GlobalSection(ProjectConfigurationPlatforms) = postSolution
		{1FC84FBF-45A0-435F-A5C1-F9180DCEDDED}.Debug|Any CPU.ActiveCfg = Debug|Any CPU
		{1FC84FBF-45A0-435F-A5C1-F9180DCEDDED}.Debug|Any CPU.Build.0 = Debug|Any CPU
		{1FC84FBF-45A0-435F-A5C1-F9180DCEDDED}.Release|Any CPU.ActiveCfg = Release|Any CPU
		{1FC84FBF-45A0-435F-A5C1-F9180DCEDDED}.Release|Any CPU.Build.0 = Release|Any CPU
		{6AB1181A-3606-4134-9752-1C5AFE9C2824}.Debug|Any CPU.ActiveCfg = Debug|Any CPU
		{6AB1181A-3606-4134-9752-1C5AFE9C2824}.Debug|Any CPU.Build.0 = Debug|Any CPU
		{6AB1181A-3606-4134-9752-1C5AFE9C2824}.Release|Any CPU.ActiveCfg = Release|Any CPU
		{6AB1181A-3606-4134-9752-1C5AFE9C2824}.Release|Any CPU.Build.0 = Release|Any CPU
	EndGlobalSection
	GlobalSection(SolutionProperties) = preSolution
		HideSolutionNode = FALSE
	EndGlobalSection
	GlobalSection(ExtensibilityGlobals) = postSolution
		SolutionGuid = {B137AFDC-2B7E-43DC-B859-08297374AF40}
	EndGlobalSection
EndGlobal
